{
    "_readme": [
        "This file locks the dependencies of your project to a known state",
        "Read more about it at https://getcomposer.org/doc/01-basic-usage.md#composer-lock-the-lock-file",
        "This file is @generated automatically"
    ],
    "hash": "5041ae8287a19e16ab33a19168d05e7e",
    "packages": [
        {
            "name": "primozcigler/wordpress-one-click-demo-install",
            "version": "v0.4.0",
            "source": {
                "type": "git",
                "url": "https://github.com/primozcigler/wordpress-one-click-demo-install.git",
                "reference": "87c6e027105bd3688acf19e809a2f24b4eea76cc"
            },
            "dist": {
                "type": "zip",
                "url": "https://api.github.com/repos/primozcigler/wordpress-one-click-demo-install/zipball/87c6e027105bd3688acf19e809a2f24b4eea76cc",
                "reference": "87c6e027105bd3688acf19e809a2f24b4eea76cc",
                "shasum": ""
            },
            "type": "library",
            "autoload": {
                "files": [
                    "importer/radium-importer.php"
                ]
            },
            "license": [
                "MIT"
            ],
            "authors": [
                {
                    "name": "Frank Gitonga"
                },
                {
                    "name": "Primoz Cigler",
                    "email": "primoz@proteusnet.com"
                }
            ],
            "description": "Once Click Demo Content Install for WordPress.",
            "support": {
                "source": "https://github.com/primozcigler/wordpress-one-click-demo-install/tree/v0.4.0"
            },
            "time": "2015-05-28 12:56:17"
        }
    ],
    "packages-dev": [],
    "aliases": [],
    "minimum-stability": "stable",
    "stability-flags": [],
    "prefer-stable": false,
    "prefer-lowest": false,
    "platform": [],
    "platform-dev": []
}
